{
  "name": "stairmap",
  "version": "1.0.0",
  "lockfileVersion": 3,
  "requires": true,
  "packages": {
    "": {
      "name": "stairmap",
      "version": "1.0.0",
      "license": "MIT",
      "dependencies": {
        "leaflet": "^1.9.4",
        "leaflet.locatecontrol": "^0.84.2"
      }
    },
    "node_modules/leaflet": {
      "version": "1.9.4",
      "resolved": "https://registry.npmjs.org/leaflet/-/leaflet-1.9.4.tgz",
      "integrity": "sha512-nxS1ynzJOmOlHp+iL3FyWqK89GtNL8U8rvlMOsQdTTssxZwCXh8N2NB3GDQOL+YR3XnWyZAxwQixURb+FA74PA==",
      "license": "BSD-2-Clause"
    },
    "node_modules/leaflet.locatecontrol": {
      "version": "0.84.2",
      "resolved": "https://registry.npmjs.org/leaflet.locatecontrol/-/leaflet.locatecontrol-0.84.2.tgz",
      "integrity": "sha512-Tv0S2bAhpFgZYyyfPgeVhb3hPr9CnlcP15EpMQd9m5vA+aALhM6key1ucfnnD7n09AEeNEmIFe71T4V18Kpu7g==",
      "license": "MIT"
    }
  }
}
